// !$*UTF8*$!
{
	archiveVersion = 1;
	classes = {
	};
	objectVersion = 56;
	objects = {

/* Begin PBXBuildFile section */
		F06B19492C62874A00621721 /* ProfileView.swift in Sources */ = {isa = PBXBuildFile; fileRef = F06B19482C62874A00621721 /* ProfileView.swift */; };
		F06B194B2C62875600621721 /* TodoListView.swift in Sources */ = {isa = PBXBuildFile; fileRef = F06B194A2C62875600621721 /* TodoListView.swift */; };
		F06B194D2C62876400621721 /* NewItemView.swift in Sources */ = {isa = PBXBuildFile; fileRef = F06B194C2C62876400621721 /* NewItemView.swift */; };
		F06B194F2C62876D00621721 /* LoginView.swift in Sources */ = {isa = PBXBuildFile; fileRef = F06B194E2C62876D00621721 /* LoginView.swift */; };
		F06B19512C62877200621721 /* RegisterView.swift in Sources */ = {isa = PBXBuildFile; fileRef = F06B19502C62877200621721 /* RegisterView.swift */; };
		F06B19532C62878000621721 /* TodoItemView.swift in Sources */ = {isa = PBXBuildFile; fileRef = F06B19522C62878000621721 /* TodoItemView.swift */; };
		F06B19552C62879800621721 /* User.swift in Sources */ = {isa = PBXBuildFile; fileRef = F06B19542C62879800621721 /* User.swift */; };
		F06B19572C6287A600621721 /* TodoItem.swift in Sources */ = {isa = PBXBuildFile; fileRef = F06B19562C6287A600621721 /* TodoItem.swift */; };
		F06B19592C6287CB00621721 /* ProfileViewViewModel.swift in Sources */ = {isa = PBXBuildFile; fileRef = F06B19582C6287CB00621721 /* ProfileViewViewModel.swift */; };
		F06B195B2C6287CF00621721 /* TodoListViewViewModel.swift in Sources */ = {isa = PBXBuildFile; fileRef = F06B195A2C6287CF00621721 /* TodoListViewViewModel.swift */; };
		F06B195D2C6287E400621721 /* NewItemViewViewModel.swift in Sources */ = {isa = PBXBuildFile; fileRef = F06B195C2C6287E400621721 /* NewItemViewViewModel.swift */; };
		F06B195F2C6287EC00621721 /* LoginViewViewModel.swift in Sources */ = {isa = PBXBuildFile; fileRef = F06B195E2C6287EC00621721 /* LoginViewViewModel.swift */; };
		F06B19612C6287F000621721 /* RegisterViewViewModel.swift in Sources */ = {isa = PBXBuildFile; fileRef = F06B19602C6287F000621721 /* RegisterViewViewModel.swift */; };
		F06B19632C6287F400621721 /* TodoItemViewViewModel.swift in Sources */ = {isa = PBXBuildFile; fileRef = F06B19622C6287F400621721 /* TodoItemViewViewModel.swift */; };
		F06B19652C6287F800621721 /* MainViewViewModel.swift in Sources */ = {isa = PBXBuildFile; fileRef = F06B19642C6287F800621721 /* MainViewViewModel.swift */; };
		F097B3622C62444B00FD8136 /* SimpleTodoAppApp.swift in Sources */ = {isa = PBXBuildFile; fileRef = F097B3612C62444B00FD8136 /* SimpleTodoAppApp.swift */; };
		F097B3642C62444B00FD8136 /* MainView.swift in Sources */ = {isa = PBXBuildFile; fileRef = F097B3632C62444B00FD8136 /* MainView.swift */; };
		F097B3662C62444C00FD8136 /* Assets.xcassets in Resources */ = {isa = PBXBuildFile; fileRef = F097B3652C62444C00FD8136 /* Assets.xcassets */; };
		F097B3692C62444C00FD8136 /* Preview Assets.xcassets in Resources */ = {isa = PBXBuildFile; fileRef = F097B3682C62444C00FD8136 /* Preview Assets.xcassets */; };
		F097B3732C62444C00FD8136 /* SimpleTodoAppTests.swift in Sources */ = {isa = PBXBuildFile; fileRef = F097B3722C62444C00FD8136 /* SimpleTodoAppTests.swift */; };
		F097B37D2C62444C00FD8136 /* SimpleTodoAppUITests.swift in Sources */ = {isa = PBXBuildFile; fileRef = F097B37C2C62444C00FD8136 /* SimpleTodoAppUITests.swift */; };
		F097B37F2C62444C00FD8136 /* SimpleTodoAppUITestsLaunchTests.swift in Sources */ = {isa = PBXBuildFile; fileRef = F097B37E2C62444C00FD8136 /* SimpleTodoAppUITestsLaunchTests.swift */; };
		F097B38D2C62483B00FD8136 /* FirebaseAuth in Frameworks */ = {isa = PBXBuildFile; productRef = F097B38C2C62483B00FD8136 /* FirebaseAuth */; };
		F097B38F2C62483B00FD8136 /* FirebaseFirestore in Frameworks */ = {isa = PBXBuildFile; productRef = F097B38E2C62483B00FD8136 /* FirebaseFirestore */; };
		F097B3912C624B0C00FD8136 /* GoogleService-Info.plist in Resources */ = {isa = PBXBuildFile; fileRef = F097B3902C624B0C00FD8136 /* GoogleService-Info.plist */; };
/* End PBXBuildFile section */

/* Begin PBXContainerItemProxy section */
		F097B36F2C62444C00FD8136 /* PBXContainerItemProxy */ = {
			isa = PBXContainerItemProxy;
			containerPortal = F097B3562C62444B00FD8136 /* Project object */;
			proxyType = 1;
			remoteGlobalIDString = F097B35D2C62444B00FD8136;
			remoteInfo = SimpleTodoApp;
		};
		F097B3792C62444C00FD8136 /* PBXContainerItemProxy */ = {
			isa = PBXContainerItemProxy;
			containerPortal = F097B3562C62444B00FD8136 /* Project object */;
			proxyType = 1;
			remoteGlobalIDString = F097B35D2C62444B00FD8136;
			remoteInfo = SimpleTodoApp;
		};
/* End PBXContainerItemProxy section */

/* Begin PBXFileReference section */
		F06B19482C62874A00621721 /* ProfileView.swift */ = {isa = PBXFileReference; lastKnownFileType = sourcecode.swift; path = ProfileView.swift; sourceTree = "<group>"; };
		F06B194A2C62875600621721 /* TodoListView.swift */ = {isa = PBXFileReference; lastKnownFileType = sourcecode.swift; path = TodoListView.swift; sourceTree = "<group>"; };
		F06B194C2C62876400621721 /* NewItemView.swift */ = {isa = PBXFileReference; lastKnownFileType = sourcecode.swift; path = NewItemView.swift; sourceTree = "<group>"; };
		F06B194E2C62876D00621721 /* LoginView.swift */ = {isa = PBXFileReference; lastKnownFileType = sourcecode.swift; path = LoginView.swift; sourceTree = "<group>"; };
		F06B19502C62877200621721 /* RegisterView.swift */ = {isa = PBXFileReference; lastKnownFileType = sourcecode.swift; path = RegisterView.swift; sourceTree = "<group>"; };
		F06B19522C62878000621721 /* TodoItemView.swift */ = {isa = PBXFileReference; lastKnownFileType = sourcecode.swift; path = TodoItemView.swift; sourceTree = "<group>"; };
		F06B19542C62879800621721 /* User.swift */ = {isa = PBXFileReference; lastKnownFileType = sourcecode.swift; path = User.swift; sourceTree = "<group>"; };
		F06B19562C6287A600621721 /* TodoItem.swift */ = {isa = PBXFileReference; lastKnownFileType = sourcecode.swift; path = TodoItem.swift; sourceTree = "<group>"; };
		F06B19582C6287CB00621721 /* ProfileViewViewModel.swift */ = {isa = PBXFileReference; lastKnownFileType = sourcecode.swift; path = ProfileViewViewModel.swift; sourceTree = "<group>"; };
		F06B195A2C6287CF00621721 /* TodoListViewViewModel.swift */ = {isa = PBXFileReference; lastKnownFileType = sourcecode.swift; path = TodoListViewViewModel.swift; sourceTree = "<group>"; };
		F06B195C2C6287E400621721 /* NewItemViewViewModel.swift */ = {isa = PBXFileReference; lastKnownFileType = sourcecode.swift; path = NewItemViewViewModel.swift; sourceTree = "<group>"; };
		F06B195E2C6287EC00621721 /* LoginViewViewModel.swift */ = {isa = PBXFileReference; lastKnownFileType = sourcecode.swift; path = LoginViewViewModel.swift; sourceTree = "<group>"; };
		F06B19602C6287F000621721 /* RegisterViewViewModel.swift */ = {isa = PBXFileReference; lastKnownFileType = sourcecode.swift; path = RegisterViewViewModel.swift; sourceTree = "<group>"; };
		F06B19622C6287F400621721 /* TodoItemViewViewModel.swift */ = {isa = PBXFileReference; lastKnownFileType = sourcecode.swift; path = TodoItemViewViewModel.swift; sourceTree = "<group>"; };
		F06B19642C6287F800621721 /* MainViewViewModel.swift */ = {isa = PBXFileReference; lastKnownFileType = sourcecode.swift; path = MainViewViewModel.swift; sourceTree = "<group>"; };
		F097B35E2C62444B00FD8136 /* SimpleTodoApp.app */ = {isa = PBXFileReference; explicitFileType = wrapper.application; includeInIndex = 0; path = SimpleTodoApp.app; sourceTree = BUILT_PRODUCTS_DIR; };
		F097B3612C62444B00FD8136 /* SimpleTodoAppApp.swift */ = {isa = PBXFileReference; lastKnownFileType = sourcecode.swift; path = SimpleTodoAppApp.swift; sourceTree = "<group>"; };
		F097B3632C62444B00FD8136 /* MainView.swift */ = {isa = PBXFileReference; lastKnownFileType = sourcecode.swift; path = MainView.swift; sourceTree = "<group>"; };
		F097B3652C62444C00FD8136 /* Assets.xcassets */ = {isa = PBXFileReference; lastKnownFileType = folder.assetcatalog; path = Assets.xcassets; sourceTree = "<group>"; };
		F097B3682C62444C00FD8136 /* Preview Assets.xcassets */ = {isa = PBXFileReference; lastKnownFileType = folder.assetcatalog; path = "Preview Assets.xcassets"; sourceTree = "<group>"; };
		F097B36E2C62444C00FD8136 /* SimpleTodoAppTests.xctest */ = {isa = PBXFileReference; explicitFileType = wrapper.cfbundle; includeInIndex = 0; path = SimpleTodoAppTests.xctest; sourceTree = BUILT_PRODUCTS_DIR; };
		F097B3722C62444C00FD8136 /* SimpleTodoAppTests.swift */ = {isa = PBXFileReference; lastKnownFileType = sourcecode.swift; path = SimpleTodoAppTests.swift; sourceTree = "<group>"; };
		F097B3782C62444C00FD8136 /* SimpleTodoAppUITests.xctest */ = {isa = PBXFileReference; explicitFileType = wrapper.cfbundle; includeInIndex = 0; path = SimpleTodoAppUITests.xctest; sourceTree = BUILT_PRODUCTS_DIR; };
		F097B37C2C62444C00FD8136 /* SimpleTodoAppUITests.swift */ = {isa = PBXFileReference; lastKnownFileType = sourcecode.swift; path = SimpleTodoAppUITests.swift; sourceTree = "<group>"; };
		F097B37E2C62444C00FD8136 /* SimpleTodoAppUITestsLaunchTests.swift */ = {isa = PBXFileReference; lastKnownFileType = sourcecode.swift; path = SimpleTodoAppUITestsLaunchTests.swift; sourceTree = "<group>"; };
		F097B3902C624B0C00FD8136 /* GoogleService-Info.plist */ = {isa = PBXFileReference; fileEncoding = 4; lastKnownFileType = text.plist.xml; path = "GoogleService-Info.plist"; sourceTree = "<group>"; };
/* End PBXFileReference section */

/* Begin PBXFrameworksBuildPhase section */
		F097B35B2C62444B00FD8136 /* Frameworks */ = {
			isa = PBXFrameworksBuildPhase;
			buildActionMask = 2147483647;
			files = (
				F097B38D2C62483B00FD8136 /* FirebaseAuth in Frameworks */,
				F097B38F2C62483B00FD8136 /* FirebaseFirestore in Frameworks */,
			);
			runOnlyForDeploymentPostprocessing = 0;
		};
		F097B36B2C62444C00FD8136 /* Frameworks */ = {
			isa = PBXFrameworksBuildPhase;
			buildActionMask = 2147483647;
			files = (
			);
			runOnlyForDeploymentPostprocessing = 0;
		};
		F097B3752C62444C00FD8136 /* Frameworks */ = {
			isa = PBXFrameworksBuildPhase;
			buildActionMask = 2147483647;
			files = (
			);
			runOnlyForDeploymentPostprocessing = 0;
		};
/* End PBXFrameworksBuildPhase section */

/* Begin PBXGroup section */
		F097B3552C62444B00FD8136 = {
			isa = PBXGroup;
			children = (
				F097B3602C62444B00FD8136 /* SimpleTodoApp */,
				F097B3712C62444C00FD8136 /* SimpleTodoAppTests */,
				F097B37B2C62444C00FD8136 /* SimpleTodoAppUITests */,
				F097B35F2C62444B00FD8136 /* Products */,
			);
			sourceTree = "<group>";
		};
		F097B35F2C62444B00FD8136 /* Products */ = {
			isa = PBXGroup;
			children = (
				F097B35E2C62444B00FD8136 /* SimpleTodoApp.app */,
				F097B36E2C62444C00FD8136 /* SimpleTodoAppTests.xctest */,
				F097B3782C62444C00FD8136 /* SimpleTodoAppUITests.xctest */,
			);
			name = Products;
			sourceTree = "<group>";
		};
		F097B3602C62444B00FD8136 /* SimpleTodoApp */ = {
			isa = PBXGroup;
			children = (
				F097B3972C624C2B00FD8136 /* Others */,
				F097B3962C624C2300FD8136 /* Models */,
				F097B3952C624C1F00FD8136 /* ViewModels */,
				F097B3932C624C0400FD8136 /* Views */,
				F097B3672C62444C00FD8136 /* Preview Content */,
			);
			path = SimpleTodoApp;
			sourceTree = "<group>";
		};
		F097B3672C62444C00FD8136 /* Preview Content */ = {
			isa = PBXGroup;
			children = (
				F097B3682C62444C00FD8136 /* Preview Assets.xcassets */,
			);
			path = "Preview Content";
			sourceTree = "<group>";
		};
		F097B3712C62444C00FD8136 /* SimpleTodoAppTests */ = {
			isa = PBXGroup;
			children = (
				F097B3722C62444C00FD8136 /* SimpleTodoAppTests.swift */,
			);
			path = SimpleTodoAppTests;
			sourceTree = "<group>";
		};
		F097B37B2C62444C00FD8136 /* SimpleTodoAppUITests */ = {
			isa = PBXGroup;
			children = (
				F097B37C2C62444C00FD8136 /* SimpleTodoAppUITests.swift */,
				F097B37E2C62444C00FD8136 /* SimpleTodoAppUITestsLaunchTests.swift */,
			);
			path = SimpleTodoAppUITests;
			sourceTree = "<group>";
		};
		F097B3932C624C0400FD8136 /* Views */ = {
			isa = PBXGroup;
			children = (
				F06B19482C62874A00621721 /* ProfileView.swift */,
				F06B194A2C62875600621721 /* TodoListView.swift */,
				F06B194C2C62876400621721 /* NewItemView.swift */,
				F06B194E2C62876D00621721 /* LoginView.swift */,
				F06B19502C62877200621721 /* RegisterView.swift */,
				F06B19522C62878000621721 /* TodoItemView.swift */,
				F097B3632C62444B00FD8136 /* MainView.swift */,
			);
			path = Views;
			sourceTree = "<group>";
		};
		F097B3952C624C1F00FD8136 /* ViewModels */ = {
			isa = PBXGroup;
			children = (
				F06B19582C6287CB00621721 /* ProfileViewViewModel.swift */,
				F06B195A2C6287CF00621721 /* TodoListViewViewModel.swift */,
				F06B195C2C6287E400621721 /* NewItemViewViewModel.swift */,
				F06B195E2C6287EC00621721 /* LoginViewViewModel.swift */,
				F06B19602C6287F000621721 /* RegisterViewViewModel.swift */,
				F06B19622C6287F400621721 /* TodoItemViewViewModel.swift */,
				F06B19642C6287F800621721 /* MainViewViewModel.swift */,
			);
			path = ViewModels;
			sourceTree = "<group>";
		};
		F097B3962C624C2300FD8136 /* Models */ = {
			isa = PBXGroup;
			children = (
				F06B19542C62879800621721 /* User.swift */,
				F06B19562C6287A600621721 /* TodoItem.swift */,
			);
			path = Models;
			sourceTree = "<group>";
		};
		F097B3972C624C2B00FD8136 /* Others */ = {
			isa = PBXGroup;
			children = (
				F097B3902C624B0C00FD8136 /* GoogleService-Info.plist */,
				F097B3612C62444B00FD8136 /* SimpleTodoAppApp.swift */,
				F097B3652C62444C00FD8136 /* Assets.xcassets */,
			);
			path = Others;
			sourceTree = "<group>";
		};
/* End PBXGroup section */

/* Begin PBXNativeTarget section */
		F097B35D2C62444B00FD8136 /* SimpleTodoApp */ = {
			isa = PBXNativeTarget;
			buildConfigurationList = F097B3822C62444C00FD8136 /* Build configuration list for PBXNativeTarget "SimpleTodoApp" */;
			buildPhases = (
				F097B35A2C62444B00FD8136 /* Sources */,
				F097B35B2C62444B00FD8136 /* Frameworks */,
				F097B35C2C62444B00FD8136 /* Resources */,
			);
			buildRules = (
			);
			dependencies = (
			);
			name = SimpleTodoApp;
			packageProductDependencies = (
				F097B38C2C62483B00FD8136 /* FirebaseAuth */,
				F097B38E2C62483B00FD8136 /* FirebaseFirestore */,
			);
			productName = SimpleTodoApp;
			productReference = F097B35E2C62444B00FD8136 /* SimpleTodoApp.app */;
			productType = "com.apple.product-type.application";
		};
		F097B36D2C62444C00FD8136 /* SimpleTodoAppTests */ = {
			isa = PBXNativeTarget;
			buildConfigurationList = F097B3852C62444C00FD8136 /* Build configuration list for PBXNativeTarget "SimpleTodoAppTests" */;
			buildPhases = (
				F097B36A2C62444C00FD8136 /* Sources */,
				F097B36B2C62444C00FD8136 /* Frameworks */,
				F097B36C2C62444C00FD8136 /* Resources */,
			);
			buildRules = (
			);
			dependencies = (
				F097B3702C62444C00FD8136 /* PBXTargetDependency */,
			);
			name = SimpleTodoAppTests;
			productName = SimpleTodoAppTests;
			productReference = F097B36E2C62444C00FD8136 /* SimpleTodoAppTests.xctest */;
			productType = "com.apple.product-type.bundle.unit-test";
		};
		F097B3772C62444C00FD8136 /* SimpleTodoAppUITests */ = {
			isa = PBXNativeTarget;
			buildConfigurationList = F097B3882C62444C00FD8136 /* Build configuration list for PBXNativeTarget "SimpleTodoAppUITests" */;
			buildPhases = (
				F097B3742C62444C00FD8136 /* Sources */,
				F097B3752C62444C00FD8136 /* Frameworks */,
				F097B3762C62444C00FD8136 /* Resources */,
			);
			buildRules = (
			);
			dependencies = (
				F097B37A2C62444C00FD8136 /* PBXTargetDependency */,
			);
			name = SimpleTodoAppUITests;
			productName = SimpleTodoAppUITests;
			productReference = F097B3782C62444C00FD8136 /* SimpleTodoAppUITests.xctest */;
			productType = "com.apple.product-type.bundle.ui-testing";
		};
/* End PBXNativeTarget section */

/* Begin PBXProject section */
		F097B3562C62444B00FD8136 /* Project object */ = {
			isa = PBXProject;
			attributes = {
				BuildIndependentTargetsInParallel = 1;
				LastSwiftUpdateCheck = 1540;
				LastUpgradeCheck = 1540;
				TargetAttributes = {
					F097B35D2C62444B00FD8136 = {
						CreatedOnToolsVersion = 15.4;
					};
					F097B36D2C62444C00FD8136 = {
						CreatedOnToolsVersion = 15.4;
						TestTargetID = F097B35D2C62444B00FD8136;
					};
					F097B3772C62444C00FD8136 = {
						CreatedOnToolsVersion = 15.4;
						TestTargetID = F097B35D2C62444B00FD8136;
					};
				};
			};
			buildConfigurationList = F097B3592C62444B00FD8136 /* Build configuration list for PBXProject "SimpleTodoApp" */;
			compatibilityVersion = "Xcode 14.0";
			developmentRegion = en;
			hasScannedForEncodings = 0;
			knownRegions = (
				en,
				Base,
			);
			mainGroup = F097B3552C62444B00FD8136;
			packageReferences = (
				F097B38B2C62483B00FD8136 /* XCRemoteSwiftPackageReference "firebase-ios-sdk" */,
			);
			productRefGroup = F097B35F2C62444B00FD8136 /* Products */;
			projectDirPath = "";
			projectRoot = "";
			targets = (
				F097B35D2C62444B00FD8136 /* SimpleTodoApp */,
				F097B36D2C62444C00FD8136 /* SimpleTodoAppTests */,
				F097B3772C62444C00FD8136 /* SimpleTodoAppUITests */,
			);
		};
/* End PBXProject section */

/* Begin PBXResourcesBuildPhase section */
		F097B35C2C62444B00FD8136 /* Resources */ = {
			isa = PBXResourcesBuildPhase;
			buildActionMask = 2147483647;
			files = (
				F097B3692C62444C00FD8136 /* Preview Assets.xcassets in Resources */,
				F097B3662C62444C00FD8136 /* Assets.xcassets in Resources */,
				F097B3912C624B0C00FD8136 /* GoogleService-Info.plist in Resources */,
			);
			runOnlyForDeploymentPostprocessing = 0;
		};
		F097B36C2C62444C00FD8136 /* Resources */ = {
			isa = PBXResourcesBuildPhase;
			buildActionMask = 2147483647;
			files = (
			);
			runOnlyForDeploymentPostprocessing = 0;
		};
		F097B3762C62444C00FD8136 /* Resources */ = {
			isa = PBXResourcesBuildPhase;
			buildActionMask = 2147483647;
			files = (
			);
			runOnlyForDeploymentPostprocessing = 0;
		};
/* End PBXResourcesBuildPhase section */

/* Begin PBXSourcesBuildPhase section */
		F097B35A2C62444B00FD8136 /* Sources */ = {
			isa = PBXSourcesBuildPhase;
			buildActionMask = 2147483647;
			files = (
				F06B19572C6287A600621721 /* TodoItem.swift in Sources */,
				F06B195F2C6287EC00621721 /* LoginViewViewModel.swift in Sources */,
				F06B19652C6287F800621721 /* MainViewViewModel.swift in Sources */,
				F06B19632C6287F400621721 /* TodoItemViewViewModel.swift in Sources */,
				F06B194F2C62876D00621721 /* LoginView.swift in Sources */,
				F097B3642C62444B00FD8136 /* MainView.swift in Sources */,
				F06B195D2C6287E400621721 /* NewItemViewViewModel.swift in Sources */,
				F06B19612C6287F000621721 /* RegisterViewViewModel.swift in Sources */,
				F06B19492C62874A00621721 /* ProfileView.swift in Sources */,
				F06B195B2C6287CF00621721 /* TodoListViewViewModel.swift in Sources */,
				F06B19512C62877200621721 /* RegisterView.swift in Sources */,
				F06B194B2C62875600621721 /* TodoListView.swift in Sources */,
				F06B19552C62879800621721 /* User.swift in Sources */,
				F06B19592C6287CB00621721 /* ProfileViewViewModel.swift in Sources */,
				F06B19532C62878000621721 /* TodoItemView.swift in Sources */,
				F097B3622C62444B00FD8136 /* SimpleTodoAppApp.swift in Sources */,
				F06B194D2C62876400621721 /* NewItemView.swift in Sources */,
			);
			runOnlyForDeploymentPostprocessing = 0;
		};
		F097B36A2C62444C00FD8136 /* Sources */ = {
			isa = PBXSourcesBuildPhase;
			buildActionMask = 2147483647;
			files = (
				F097B3732C62444C00FD8136 /* SimpleTodoAppTests.swift in Sources */,
			);
			runOnlyForDeploymentPostprocessing = 0;
		};
		F097B3742C62444C00FD8136 /* Sources */ = {
			isa = PBXSourcesBuildPhase;
			buildActionMask = 2147483647;
			files = (
				F097B37F2C62444C00FD8136 /* SimpleTodoAppUITestsLaunchTests.swift in Sources */,
				F097B37D2C62444C00FD8136 /* SimpleTodoAppUITests.swift in Sources */,
			);
			runOnlyForDeploymentPostprocessing = 0;
		};
/* End PBXSourcesBuildPhase section */

/* Begin PBXTargetDependency section */
		F097B3702C62444C00FD8136 /* PBXTargetDependency */ = {
			isa = PBXTargetDependency;
			target = F097B35D2C62444B00FD8136 /* SimpleTodoApp */;
			targetProxy = F097B36F2C62444C00FD8136 /* PBXContainerItemProxy */;
		};
		F097B37A2C62444C00FD8136 /* PBXTargetDependency */ = {
			isa = PBXTargetDependency;
			target = F097B35D2C62444B00FD8136 /* SimpleTodoApp */;
			targetProxy = F097B3792C62444C00FD8136 /* PBXContainerItemProxy */;
		};
/* End PBXTargetDependency section */

/* Begin XCBuildConfiguration section */
		F097B3802C62444C00FD8136 /* Debug */ = {
			isa = XCBuildConfiguration;
			buildSettings = {
				ALWAYS_SEARCH_USER_PATHS = NO;
				ASSETCATALOG_COMPILER_GENERATE_SWIFT_ASSET_SYMBOL_EXTENSIONS = YES;
				CLANG_ANALYZER_NONNULL = YES;
				CLANG_ANALYZER_NUMBER_OBJECT_CONVERSION = YES_AGGRESSIVE;
				CLANG_CXX_LANGUAGE_STANDARD = "gnu++20";
				CLANG_ENABLE_MODULES = YES;
				CLANG_ENABLE_OBJC_ARC = YES;
				CLANG_ENABLE_OBJC_WEAK = YES;
				CLANG_WARN_BLOCK_CAPTURE_AUTORELEASING = YES;
				CLANG_WARN_BOOL_CONVERSION = YES;
				CLANG_WARN_COMMA = YES;
				CLANG_WARN_CONSTANT_CONVERSION = YES;
				CLANG_WARN_DEPRECATED_OBJC_IMPLEMENTATIONS = YES;
				CLANG_WARN_DIRECT_OBJC_ISA_USAGE = YES_ERROR;
				CLANG_WARN_DOCUMENTATION_COMMENTS = YES;
				CLANG_WARN_EMPTY_BODY = YES;
				CLANG_WARN_ENUM_CONVERSION = YES;
				CLANG_WARN_INFINITE_RECURSION = YES;
				CLANG_WARN_INT_CONVERSION = YES;
				CLANG_WARN_NON_LITERAL_NULL_CONVERSION = YES;
				CLANG_WARN_OBJC_IMPLICIT_RETAIN_SELF = YES;
				CLANG_WARN_OBJC_LITERAL_CONVERSION = YES;
				CLANG_WARN_OBJC_ROOT_CLASS = YES_ERROR;
				CLANG_WARN_QUOTED_INCLUDE_IN_FRAMEWORK_HEADER = YES;
				CLANG_WARN_RANGE_LOOP_ANALYSIS = YES;
				CLANG_WARN_STRICT_PROTOTYPES = YES;
				CLANG_WARN_SUSPICIOUS_MOVE = YES;
				CLANG_WARN_UNGUARDED_AVAILABILITY = YES_AGGRESSIVE;
				CLANG_WARN_UNREACHABLE_CODE = YES;
				CLANG_WARN__DUPLICATE_METHOD_MATCH = YES;
				COPY_PHASE_STRIP = NO;
				DEBUG_INFORMATION_FORMAT = dwarf;
				ENABLE_STRICT_OBJC_MSGSEND = YES;
				ENABLE_TESTABILITY = YES;
				ENABLE_USER_SCRIPT_SANDBOXING = YES;
				GCC_C_LANGUAGE_STANDARD = gnu17;
				GCC_DYNAMIC_NO_PIC = NO;
				GCC_NO_COMMON_BLOCKS = YES;
				GCC_OPTIMIZATION_LEVEL = 0;
				GCC_PREPROCESSOR_DEFINITIONS = (
					"DEBUG=1",
					"$(inherited)",
				);
				GCC_WARN_64_TO_32_BIT_CONVERSION = YES;
				GCC_WARN_ABOUT_RETURN_TYPE = YES_ERROR;
				GCC_WARN_UNDECLARED_SELECTOR = YES;
				GCC_WARN_UNINITIALIZED_AUTOS = YES_AGGRESSIVE;
				GCC_WARN_UNUSED_FUNCTION = YES;
				GCC_WARN_UNUSED_VARIABLE = YES;
				IPHONEOS_DEPLOYMENT_TARGET = 17.5;
				LOCALIZATION_PREFERS_STRING_CATALOGS = YES;
				MTL_ENABLE_DEBUG_INFO = INCLUDE_SOURCE;
				MTL_FAST_MATH = YES;
				ONLY_ACTIVE_ARCH = YES;
				SDKROOT = iphoneos;
				SWIFT_ACTIVE_COMPILATION_CONDITIONS = "DEBUG $(inherited)";
				SWIFT_OPTIMIZATION_LEVEL = "-Onone";
			};
			name = Debug;
		};
		F097B3812C62444C00FD8136 /* Release */ = {
			isa = XCBuildConfiguration;
			buildSettings = {
				ALWAYS_SEARCH_USER_PATHS = NO;
				ASSETCATALOG_COMPILER_GENERATE_SWIFT_ASSET_SYMBOL_EXTENSIONS = YES;
				CLANG_ANALYZER_NONNULL = YES;
				CLANG_ANALYZER_NUMBER_OBJECT_CONVERSION = YES_AGGRESSIVE;
				CLANG_CXX_LANGUAGE_STANDARD = "gnu++20";
				CLANG_ENABLE_MODULES = YES;
				CLANG_ENABLE_OBJC_ARC = YES;
				CLANG_ENABLE_OBJC_WEAK = YES;
				CLANG_WARN_BLOCK_CAPTURE_AUTORELEASING = YES;
				CLANG_WARN_BOOL_CONVERSION = YES;
				CLANG_WARN_COMMA = YES;
				CLANG_WARN_CONSTANT_CONVERSION = YES;
				CLANG_WARN_DEPRECATED_OBJC_IMPLEMENTATIONS = YES;
				CLANG_WARN_DIRECT_OBJC_ISA_USAGE = YES_ERROR;
				CLANG_WARN_DOCUMENTATION_COMMENTS = YES;
				CLANG_WARN_EMPTY_BODY = YES;
				CLANG_WARN_ENUM_CONVERSION = YES;
				CLANG_WARN_INFINITE_RECURSION = YES;
				CLANG_WARN_INT_CONVERSION = YES;
				CLANG_WARN_NON_LITERAL_NULL_CONVERSION = YES;
				CLANG_WARN_OBJC_IMPLICIT_RETAIN_SELF = YES;
				CLANG_WARN_OBJC_LITERAL_CONVERSION = YES;
				CLANG_WARN_OBJC_ROOT_CLASS = YES_ERROR;
				CLANG_WARN_QUOTED_INCLUDE_IN_FRAMEWORK_HEADER = YES;
				CLANG_WARN_RANGE_LOOP_ANALYSIS = YES;
				CLANG_WARN_STRICT_PROTOTYPES = YES;
				CLANG_WARN_SUSPICIOUS_MOVE = YES;
				CLANG_WARN_UNGUARDED_AVAILABILITY = YES_AGGRESSIVE;
				CLANG_WARN_UNREACHABLE_CODE = YES;
				CLANG_WARN__DUPLICATE_METHOD_MATCH = YES;
				COPY_PHASE_STRIP = NO;
				DEBUG_INFORMATION_FORMAT = "dwarf-with-dsym";
				ENABLE_NS_ASSERTIONS = NO;
				ENABLE_STRICT_OBJC_MSGSEND = YES;
				ENABLE_USER_SCRIPT_SANDBOXING = YES;
				GCC_C_LANGUAGE_STANDARD = gnu17;
				GCC_NO_COMMON_BLOCKS = YES;
				GCC_WARN_64_TO_32_BIT_CONVERSION = YES;
				GCC_WARN_ABOUT_RETURN_TYPE = YES_ERROR;
				GCC_WARN_UNDECLARED_SELECTOR = YES;
				GCC_WARN_UNINITIALIZED_AUTOS = YES_AGGRESSIVE;
				GCC_WARN_UNUSED_FUNCTION = YES;
				GCC_WARN_UNUSED_VARIABLE = YES;
				IPHONEOS_DEPLOYMENT_TARGET = 17.5;
				LOCALIZATION_PREFERS_STRING_CATALOGS = YES;
				MTL_ENABLE_DEBUG_INFO = NO;
				MTL_FAST_MATH = YES;
				SDKROOT = iphoneos;
				SWIFT_COMPILATION_MODE = wholemodule;
				VALIDATE_PRODUCT = YES;
			};
			name = Release;
		};
		F097B3832C62444C00FD8136 /* Debug */ = {
			isa = XCBuildConfiguration;
			buildSettings = {
				ASSETCATALOG_COMPILER_APPICON_NAME = AppIcon;
				ASSETCATALOG_COMPILER_GLOBAL_ACCENT_COLOR_NAME = AccentColor;
				CODE_SIGN_STYLE = Automatic;
				CURRENT_PROJECT_VERSION = 1;
				DEVELOPMENT_ASSET_PATHS = "\"SimpleTodoApp/Preview Content\"";
				DEVELOPMENT_TEAM = DG6978YY56;
				ENABLE_PREVIEWS = YES;
				GENERATE_INFOPLIST_FILE = YES;
				INFOPLIST_KEY_CFBundleDisplayName = "Simple Todo App";
				INFOPLIST_KEY_UIApplicationSceneManifest_Generation = YES;
				INFOPLIST_KEY_UIApplicationSupportsIndirectInputEvents = YES;
				INFOPLIST_KEY_UILaunchScreen_Generation = YES;
				INFOPLIST_KEY_UISupportedInterfaceOrientations = UIInterfaceOrientationPortrait;
				LD_RUNPATH_SEARCH_PATHS = (
					"$(inherited)",
					"@executable_path/Frameworks",
				);
				MARKETING_VERSION = 1.0;
				PRODUCT_BUNDLE_IDENTIFIER = com.konukcustudio.SimpleTodoApp;
				PRODUCT_NAME = "$(TARGET_NAME)";
				SWIFT_EMIT_LOC_STRINGS = YES;
				SWIFT_VERSION = 5.0;
				TARGETED_DEVICE_FAMILY = "1,2";
			};
			name = Debug;
		};
		F097B3842C62444C00FD8136 /* Release */ = {
			isa = XCBuildConfiguration;
			buildSettings = {
				ASSETCATALOG_COMPILER_APPICON_NAME = AppIcon;
				ASSETCATALOG_COMPILER_GLOBAL_ACCENT_COLOR_NAME = AccentColor;
				CODE_SIGN_STYLE = Automatic;
				CURRENT_PROJECT_VERSION = 1;
				DEVELOPMENT_ASSET_PATHS = "\"SimpleTodoApp/Preview Content\"";
				DEVELOPMENT_TEAM = DG6978YY56;
				ENABLE_PREVIEWS = YES;
				GENERATE_INFOPLIST_FILE = YES;
				INFOPLIST_KEY_CFBundleDisplayName = "Simple Todo App";
				INFOPLIST_KEY_UIApplicationSceneManifest_Generation = YES;
				INFOPLIST_KEY_UIApplicationSupportsIndirectInputEvents = YES;
				INFOPLIST_KEY_UILaunchScreen_Generation = YES;
				INFOPLIST_KEY_UISupportedInterfaceOrientations = UIInterfaceOrientationPortrait;
				LD_RUNPATH_SEARCH_PATHS = (
					"$(inherited)",
					"@executable_path/Frameworks",
				);
				MARKETING_VERSION = 1.0;
				PRODUCT_BUNDLE_IDENTIFIER = com.konukcustudio.SimpleTodoApp;
				PRODUCT_NAME = "$(TARGET_NAME)";
				SWIFT_EMIT_LOC_STRINGS = YES;
				SWIFT_VERSION = 5.0;
				TARGETED_DEVICE_FAMILY = "1,2";
			};
			name = Release;
		};
		F097B3862C62444C00FD8136 /* Debug */ = {
			isa = XCBuildConfiguration;
			buildSettings = {
				ALWAYS_EMBED_SWIFT_STANDARD_LIBRARIES = YES;
				BUNDLE_LOADER = "$(TEST_HOST)";
				CODE_SIGN_STYLE = Automatic;
				CURRENT_PROJECT_VERSION = 1;
				DEVELOPMENT_TEAM = DG6978YY56;
				GENERATE_INFOPLIST_FILE = YES;
				IPHONEOS_DEPLOYMENT_TARGET = 17.5;
				MARKETING_VERSION = 1.0;
				PRODUCT_BUNDLE_IDENTIFIER = com.konukcustudio.SimpleTodoAppTests;
				PRODUCT_NAME = "$(TARGET_NAME)";
				SWIFT_EMIT_LOC_STRINGS = NO;
				SWIFT_VERSION = 5.0;
				TARGETED_DEVICE_FAMILY = "1,2";
				TEST_HOST = "$(BUILT_PRODUCTS_DIR)/SimpleTodoApp.app/$(BUNDLE_EXECUTABLE_FOLDER_PATH)/SimpleTodoApp";
			};
			name = Debug;
		};
		F097B3872C62444C00FD8136 /* Release */ = {
			isa = XCBuildConfiguration;
			buildSettings = {
				ALWAYS_EMBED_SWIFT_STANDARD_LIBRARIES = YES;
				BUNDLE_LOADER = "$(TEST_HOST)";
				CODE_SIGN_STYLE = Automatic;
				CURRENT_PROJECT_VERSION = 1;
				DEVELOPMENT_TEAM = DG6978YY56;
				GENERATE_INFOPLIST_FILE = YES;
				IPHONEOS_DEPLOYMENT_TARGET = 17.5;
				MARKETING_VERSION = 1.0;
				PRODUCT_BUNDLE_IDENTIFIER = com.konukcustudio.SimpleTodoAppTests;
				PRODUCT_NAME = "$(TARGET_NAME)";
				SWIFT_EMIT_LOC_STRINGS = NO;
				SWIFT_VERSION = 5.0;
				TARGETED_DEVICE_FAMILY = "1,2";
				TEST_HOST = "$(BUILT_PRODUCTS_DIR)/SimpleTodoApp.app/$(BUNDLE_EXECUTABLE_FOLDER_PATH)/SimpleTodoApp";
			};
			name = Release;
		};
		F097B3892C62444C00FD8136 /* Debug */ = {
			isa = XCBuildConfiguration;
			buildSettings = {
				ALWAYS_EMBED_SWIFT_STANDARD_LIBRARIES = YES;
				CODE_SIGN_STYLE = Automatic;
				CURRENT_PROJECT_VERSION = 1;
				DEVELOPMENT_TEAM = DG6978YY56;
				GENERATE_INFOPLIST_FILE = YES;
				MARKETING_VERSION = 1.0;
				PRODUCT_BUNDLE_IDENTIFIER = com.konukcustudio.SimpleTodoAppUITests;
				PRODUCT_NAME = "$(TARGET_NAME)";
				SWIFT_EMIT_LOC_STRINGS = NO;
				SWIFT_VERSION = 5.0;
				TARGETED_DEVICE_FAMILY = "1,2";
				TEST_TARGET_NAME = SimpleTodoApp;
			};
			name = Debug;
		};
		F097B38A2C62444C00FD8136 /* Release */ = {
			isa = XCBuildConfiguration;
			buildSettings = {
				ALWAYS_EMBED_SWIFT_STANDARD_LIBRARIES = YES;
				CODE_SIGN_STYLE = Automatic;
				CURRENT_PROJECT_VERSION = 1;
				DEVELOPMENT_TEAM = DG6978YY56;
				GENERATE_INFOPLIST_FILE = YES;
				MARKETING_VERSION = 1.0;
				PRODUCT_BUNDLE_IDENTIFIER = com.konukcustudio.SimpleTodoAppUITests;
				PRODUCT_NAME = "$(TARGET_NAME)";
				SWIFT_EMIT_LOC_STRINGS = NO;
				SWIFT_VERSION = 5.0;
				TARGETED_DEVICE_FAMILY = "1,2";
				TEST_TARGET_NAME = SimpleTodoApp;
			};
			name = Release;
		};
/* End XCBuildConfiguration section */

/* Begin XCConfigurationList section */
		F097B3592C62444B00FD8136 /* Build configuration list for PBXProject "SimpleTodoApp" */ = {
			isa = XCConfigurationList;
			buildConfigurations = (
				F097B3802C62444C00FD8136 /* Debug */,
				F097B3812C62444C00FD8136 /* Release */,
			);
			defaultConfigurationIsVisible = 0;
			defaultConfigurationName = Release;
		};
		F097B3822C62444C00FD8136 /* Build configuration list for PBXNativeTarget "SimpleTodoApp" */ = {
			isa = XCConfigurationList;
			buildConfigurations = (
				F097B3832C62444C00FD8136 /* Debug */,
				F097B3842C62444C00FD8136 /* Release */,
			);
			defaultConfigurationIsVisible = 0;
			defaultConfigurationName = Release;
		};
		F097B3852C62444C00FD8136 /* Build configuration list for PBXNativeTarget "SimpleTodoAppTests" */ = {
			isa = XCConfigurationList;
			buildConfigurations = (
				F097B3862C62444C00FD8136 /* Debug */,
				F097B3872C62444C00FD8136 /* Release */,
			);
			defaultConfigurationIsVisible = 0;
			defaultConfigurationName = Release;
		};
		F097B3882C62444C00FD8136 /* Build configuration list for PBXNativeTarget "SimpleTodoAppUITests" */ = {
			isa = XCConfigurationList;
			buildConfigurations = (
				F097B3892C62444C00FD8136 /* Debug */,
				F097B38A2C62444C00FD8136 /* Release */,
			);
			defaultConfigurationIsVisible = 0;
			defaultConfigurationName = Release;
		};
/* End XCConfigurationList section */

/* Begin XCRemoteSwiftPackageReference section */
		F097B38B2C62483B00FD8136 /* XCRemoteSwiftPackageReference "firebase-ios-sdk" */ = {
			isa = XCRemoteSwiftPackageReference;
			repositoryURL = "https://github.com/firebase/firebase-ios-sdk";
			requirement = {
				kind = upToNextMajorVersion;
				minimumVersion = 11.0.0;
			};
		};
/* End XCRemoteSwiftPackageReference section */

/* Begin XCSwiftPackageProductDependency section */
		F097B38C2C62483B00FD8136 /* FirebaseAuth */ = {
			isa = XCSwiftPackageProductDependency;
			package = F097B38B2C62483B00FD8136 /* XCRemoteSwiftPackageReference "firebase-ios-sdk" */;
			productName = FirebaseAuth;
		};
		F097B38E2C62483B00FD8136 /* FirebaseFirestore */ = {
			isa = XCSwiftPackageProductDependency;
			package = F097B38B2C62483B00FD8136 /* XCRemoteSwiftPackageReference "firebase-ios-sdk" */;
			productName = FirebaseFirestore;
		};
/* End XCSwiftPackageProductDependency section */
	};
	rootObject = F097B3562C62444B00FD8136 /* Project object */;
}
